# THIS IS AN AUTOGENERATED FILE. DO NOT EDIT THIS FILE DIRECTLY.
# yarn lockfile v1


"@types/marked@0.7.3":
  "integrity" "sha512-WXdEKuT3azHxLTThd5dwnpLt2Q9QiC8iKj09KZRtVqro3pX8hhY+GbD8FZOae6SBBEJ22yKJn3c7ejL0aucAcA=="
  "resolved" "https://registry.npmjs.org/@types/marked/-/marked-0.7.3.tgz"
  "version" "0.7.3"

"@types/mime-types@^2.1.0":
  "integrity" "sha1-nKUs2jY/aZxpRmwqbM2q2RPqenM="
  "resolved" "https://registry.npmjs.org/@types/mime-types/-/mime-types-2.1.0.tgz"
  "version" "2.1.0"

"@types/node@*":
  "integrity" "sha512-wa09itaLE8L705aXd8F80jnFpxz3Y1/KRHfKsYL2bPc0XF+wEWu8sR9n5bmeu8Ba1N9z2GRNzm/YdHcghLkLKg=="
  "resolved" "https://registry.npmjs.org/@types/node/-/node-11.10.4.tgz"
  "version" "11.10.4"

"@types/puppeteer-core@2.0.0":
  "integrity" "sha512-JvoEb7KgEkUet009ZDrtpUER3hheXoHgQByuYpJZ5WWT7LWwMH+0NTqGQXGgoOKzs+G5NA1T4DZwXK79Bhnejw=="
  "resolved" "https://registry.npmjs.org/@types/puppeteer-core/-/puppeteer-core-2.0.0.tgz"
  "version" "2.0.0"
  dependencies:
    "@types/puppeteer" "*"

"@types/puppeteer@*", "@types/puppeteer@2.0.1":
  "integrity" "sha512-G8vEyU83Bios+dzs+DZGpAirDmMqRhfFBJCkFrg+A5+6n5EPPHxwBLImJto3qjh0mrBXbLBCyuahhhtTrAfR5g=="
  "resolved" "https://registry.npmjs.org/@types/puppeteer/-/puppeteer-2.0.1.tgz"
  "version" "2.0.1"
  dependencies:
    "@types/node" "*"

"agent-base@5":
  "integrity" "sha512-TMeqbNl2fMW0nMjTEPOwe3J/PRFP4vqeoNuQMG0HlMrtm5QxKqdvAkZ1pRBQ/ulIyDD5Yq0nJ7YbdD8ey0TO3g=="
  "resolved" "https://registry.npmjs.org/agent-base/-/agent-base-5.1.1.tgz"
  "version" "5.1.1"

"async-limiter@~1.0.0":
  "integrity" "sha512-jp/uFnooOiO+L211eZOoSyzpOITMXx1rBITauYykG3BRYPu8h0UcxsPNB04RR5vo4Tyz3+ay17tR6JVf9qzYWg=="
  "resolved" "https://registry.npmjs.org/async-limiter/-/async-limiter-1.0.0.tgz"
  "version" "1.0.0"

"balanced-match@^1.0.0":
  "integrity" "sha1-ibTRmasr7kneFk6gK4nORi1xt2c="
  "resolved" "https://registry.npmjs.org/balanced-match/-/balanced-match-1.0.0.tgz"
  "version" "1.0.0"

"bl@^3.0.0":
  "integrity" "sha512-EUAyP5UHU5hxF8BPT0LKW8gjYLhq1DQIcneOX/pL/m2Alo+OYDQAJlHq+yseMP50Os2nHXOSic6Ss3vSQeyf4A=="
  "resolved" "https://registry.npmjs.org/bl/-/bl-3.0.0.tgz"
  "version" "3.0.0"
  dependencies:
    "readable-stream" "^3.0.1"

"brace-expansion@^1.1.7":
  "integrity" "sha512-iCuPHDFgrHX7H2vEI/5xpz07zSHB00TpugqhmYtVmMO6518mCuRMoOYFldEBl0g187ufozdaHgWKcYFb61qGiA=="
  "resolved" "https://registry.npmjs.org/brace-expansion/-/brace-expansion-1.1.11.tgz"
  "version" "1.1.11"
  dependencies:
    "balanced-match" "^1.0.0"
    "concat-map" "0.0.1"

"buffer-from@^1.0.0":
  "integrity" "sha512-MQcXEUbCKtEo7bhqEs6560Hyd4XaovZlO/k9V3hjVUF/zwW7KBVdSK4gIt/bzwS9MbR5qob+F5jusZsb0YQK2A=="
  "resolved" "https://registry.npmjs.org/buffer-from/-/buffer-from-1.1.1.tgz"
  "version" "1.1.1"

"chownr@^1.1.1":
  "version" "1.1.2"

"chrome-aws-lambda@2.1.1":
  "integrity" "sha512-Wer2QuygxsCov5bM2+8CLa6qYpNsc5AxYTlgTne00aFoxFP491LGJRxOQtGnYtsJP6UG4pB0SfrwTyPnLys1Lw=="
  "resolved" "https://registry.npmjs.org/chrome-aws-lambda/-/chrome-aws-lambda-2.1.1.tgz"
  "version" "2.1.1"
  dependencies:
    "lambdafs" "^1.3.0"

"concat-map@0.0.1":
  "integrity" "sha1-2Klr13/Wjfd5OnMDajug1UBdR3s="
  "resolved" "https://registry.npmjs.org/concat-map/-/concat-map-0.0.1.tgz"
  "version" "0.0.1"

"concat-stream@1.6.2":
  "integrity" "sha512-27HBghJxjiZtIk3Ycvn/4kbJk/1uZuJFfuPEns6LaEvpvG1f0hTea8lilrouyo9mVc2GWdcEZ8OLoGmSADlrCw=="
  "resolved" "https://registry.npmjs.org/concat-stream/-/concat-stream-1.6.2.tgz"
  "version" "1.6.2"
  dependencies:
    "buffer-from" "^1.0.0"
    "inherits" "^2.0.3"
    "readable-stream" "^2.2.2"
    "typedarray" "^0.0.6"

"core-util-is@~1.0.0":
  "integrity" "sha1-tf1UIgqivFq1eqtxQMlAdUUDwac="
  "resolved" "https://registry.npmjs.org/core-util-is/-/core-util-is-1.0.2.tgz"
  "version" "1.0.2"

"debug@^4.1.0", "debug@4":
  "integrity" "sha512-pYAIzeRo8J6KPEaJ0VWOh5Pzkbw/RetuzehGM7QRRX5he4fPHx2rdKMB256ehJCkX+XRQm16eZLqLNS8RSZXZw=="
  "resolved" "https://registry.npmjs.org/debug/-/debug-4.1.1.tgz"
  "version" "4.1.1"
  dependencies:
    "ms" "^2.1.1"

"debug@2.6.9":
  "integrity" "sha512-bC7ElrdJaJnPbAP+1EotYvqZsb3ecl5wi6Bfi6BJTUcNowp6cvspg0jXznRTKDjm/E7AdgFBVeAPVMNcKGsHMA=="
  "resolved" "https://registry.npmjs.org/debug/-/debug-2.6.9.tgz"
  "version" "2.6.9"
  dependencies:
    "ms" "2.0.0"

"end-of-stream@^1.1.0", "end-of-stream@^1.4.1":
  "version" "1.4.1"
  dependencies:
    "once" "^1.4.0"

"extract-zip@^1.6.6":
  "integrity" "sha1-qEC0uK9kAyZMjbV/Txp0Mz74H+k="
  "resolved" "https://registry.npmjs.org/extract-zip/-/extract-zip-1.6.7.tgz"
  "version" "1.6.7"
  dependencies:
    "concat-stream" "1.6.2"
    "debug" "2.6.9"
    "mkdirp" "0.5.1"
    "yauzl" "2.4.1"

"fd-slicer@~1.0.1":
  "integrity" "sha1-i1vL2ewyfFBBv5qwI/1nUPEXfmU="
  "resolved" "https://registry.npmjs.org/fd-slicer/-/fd-slicer-1.0.1.tgz"
  "version" "1.0.1"
  dependencies:
    "pend" "~1.2.0"

"fs-constants@^1.0.0":
  "integrity" "sha512-y6OAwoSIf7FyjMIv94u+b5rdheZEjzR63GTyZJm5qh4Bi+2YgwLCcI/fPFZkL5PSixOt6ZNKm+w+Hfp/Bciwow=="
  "resolved" "https://registry.npmjs.org/fs-constants/-/fs-constants-1.0.0.tgz"
  "version" "1.0.0"

"fs-extra@^8.0.1":
  "integrity" "sha512-yhlQgA6mnOJUKOsRUFsgJdQCvkKhcz8tlZG5HBQfReYZy46OwLcY+Zia0mtdHsOo9y/hP+CxMN0TU9QxoOtG4g=="
  "resolved" "https://registry.npmjs.org/fs-extra/-/fs-extra-8.1.0.tgz"
  "version" "8.1.0"
  dependencies:
    "graceful-fs" "^4.2.0"
    "jsonfile" "^4.0.0"
    "universalify" "^0.1.0"

"fs.realpath@^1.0.0":
  "integrity" "sha1-FQStJSMVjKpA20onh8sBQRmU6k8="
  "resolved" "https://registry.npmjs.org/fs.realpath/-/fs.realpath-1.0.0.tgz"
  "version" "1.0.0"

"glob@^7.1.3":
  "integrity" "sha512-vcfuiIxogLV4DlGBHIUOwI0IbrJ8HWPc4MU7HzviGeNho/UJDfi6B5p3sHeWIQ0KGIU0Jpxi5ZHxemQfLkkAwQ=="
  "resolved" "https://registry.npmjs.org/glob/-/glob-7.1.3.tgz"
  "version" "7.1.3"
  dependencies:
    "fs.realpath" "^1.0.0"
    "inflight" "^1.0.4"
    "inherits" "2"
    "minimatch" "^3.0.4"
    "once" "^1.3.0"
    "path-is-absolute" "^1.0.0"

"graceful-fs@^4.1.6", "graceful-fs@^4.2.0":
  "integrity" "sha512-a30VEBm4PEdx1dRB7MFK7BejejvCvBronbLjht+sHuGYj8PHs7M/5Z+rt5lw551vZ7yfTCj4Vuyy3mSJytDWRQ=="
  "resolved" "https://registry.npmjs.org/graceful-fs/-/graceful-fs-4.2.3.tgz"
  "version" "4.2.3"

"https-proxy-agent@^4.0.0":
  "integrity" "sha512-zoDhWrkR3of1l9QAL8/scJZyLu8j/gBkcwcaQOZh7Gyh/+uJQzGVETdgT30akuwkpL8HTRfssqI3BZuV18teDg=="
  "resolved" "https://registry.npmjs.org/https-proxy-agent/-/https-proxy-agent-4.0.0.tgz"
  "version" "4.0.0"
  dependencies:
    "agent-base" "5"
    "debug" "4"

"inflight@^1.0.4":
  "integrity" "sha1-Sb1jMdfQLQwJvJEKEHW6gWW1bfk="
  "resolved" "https://registry.npmjs.org/inflight/-/inflight-1.0.6.tgz"
  "version" "1.0.6"
  dependencies:
    "once" "^1.3.0"
    "wrappy" "1"

"inherits@^2.0.3", "inherits@~2.0.3", "inherits@2":
  "integrity" "sha1-Yzwsg+PaQqUC9SRmAiSA9CCCYd4="
  "resolved" "https://registry.npmjs.org/inherits/-/inherits-2.0.3.tgz"
  "version" "2.0.3"

"isarray@~1.0.0":
  "integrity" "sha1-u5NdSFgsuhaMBoNJV6VKPgcSTxE="
  "resolved" "https://registry.npmjs.org/isarray/-/isarray-1.0.0.tgz"
  "version" "1.0.0"

"jsonfile@^4.0.0":
  "integrity" "sha1-h3Gq4HmbZAdrdmQPygWPnBDjPss="
  "resolved" "https://registry.npmjs.org/jsonfile/-/jsonfile-4.0.0.tgz"
  "version" "4.0.0"
  optionalDependencies:
    "graceful-fs" "^4.1.6"

"jsonfile@^5.0.0":
  "integrity" "sha512-NQRZ5CRo74MhMMC3/3r5g2k4fjodJ/wh8MxjFbCViWKFjxrnudWSY5vomh+23ZaXzAS7J3fBZIR2dV6WbmfM0w=="
  "resolved" "https://registry.npmjs.org/jsonfile/-/jsonfile-5.0.0.tgz"
  "version" "5.0.0"
  dependencies:
    "universalify" "^0.1.2"
  optionalDependencies:
    "graceful-fs" "^4.1.6"

"lambdafs@^1.3.0":
  "integrity" "sha512-HqRPmEgtkTW4sCYDUjTEuTGkjCHuLvtZU8iM8GkhD7SpjW4AJJbBk86YU4K43sWGuW5Vmzp1lVCx4ab/kJsuBw=="
  "resolved" "https://registry.npmjs.org/lambdafs/-/lambdafs-1.3.0.tgz"
  "version" "1.3.0"
  dependencies:
    "tar-fs" "^2.0.0"

"marked@0.8.2":
  "integrity" "sha512-EGwzEeCcLniFX51DhTpmTom+dSA/MG/OBUDjnWtHbEnjAH180VzUeAw+oE4+Zv+CoYBWyRlYOTR0N8SO9R1PVw=="
  "resolved" "https://registry.npmjs.org/marked/-/marked-0.8.2.tgz"
  "version" "0.8.2"

"mime-db@1.43.0":
  "integrity" "sha512-+5dsGEEovYbT8UY9yD7eE4XTc4UwJ1jBYlgaQQF38ENsKR3wj/8q8RFZrF9WIZpB2V1ArTVFUva8sAul1NzRzQ=="
  "resolved" "https://registry.npmjs.org/mime-db/-/mime-db-1.43.0.tgz"
  "version" "1.43.0"

"mime-types@^2.1.25":
  "integrity" "sha512-01paPWYgLrkqAyrlDorC1uDwl2p3qZT7yl806vW7DvDoxwXi46jsjFbg+WdwotBIk6/MbEhO/dh5aZ5sNj/dWQ=="
  "resolved" "https://registry.npmjs.org/mime-types/-/mime-types-2.1.26.tgz"
  "version" "2.1.26"
  dependencies:
    "mime-db" "1.43.0"

"mime@^2.0.3":
  "integrity" "sha512-ikBcWwyqXQSHKtciCcctu9YfPbFYZ4+gbHEmE0Q8jzcTYQg5dHCr3g2wwAZjPoJfQVXZq6KXAjpXOTf5/cjT7w=="
  "resolved" "https://registry.npmjs.org/mime/-/mime-2.4.0.tgz"
  "version" "2.4.0"

"minimatch@^3.0.4":
  "integrity" "sha512-yJHVQEhyqPLUTgt9B83PXu6W3rx4MvvHvSUvToogpwoGDOUQ+yDrR0HRot+yOCdCO7u4hX3pWft6kWBBcqh0UA=="
  "resolved" "https://registry.npmjs.org/minimatch/-/minimatch-3.0.4.tgz"
  "version" "3.0.4"
  dependencies:
    "brace-expansion" "^1.1.7"

"minimist@0.0.8":
  "integrity" "sha1-hX/Kv8M5fSYluCKCYuhqp6ARsF0="
  "resolved" "https://registry.npmjs.org/minimist/-/minimist-0.0.8.tgz"
  "version" "0.0.8"

"mkdirp@^0.5.1":
  "integrity" "sha1-MAV0OOrGz3+MR2fzhkjWaX11yQM="
  "resolved" "https://registry.npmjs.org/mkdirp/-/mkdirp-0.5.1.tgz"
  "version" "0.5.1"
  dependencies:
    "minimist" "0.0.8"

"mkdirp@0.5.1":
  "integrity" "sha1-MAV0OOrGz3+MR2fzhkjWaX11yQM="
  "resolved" "https://registry.npmjs.org/mkdirp/-/mkdirp-0.5.1.tgz"
  "version" "0.5.1"
  dependencies:
    "minimist" "0.0.8"

"ms@^2.1.1":
  "integrity" "sha512-tgp+dl5cGk28utYktBsrFqA7HKgrhgPsg6Z/EfhWI4gl1Hwq8B/GmY/0oXZ6nF8hDVesS/FpnYaD/kOWhYQvyg=="
  "resolved" "https://registry.npmjs.org/ms/-/ms-2.1.1.tgz"
  "version" "2.1.1"

"ms@2.0.0":
  "integrity" "sha1-VgiurfwAvmwpAd9fmGF4jeDVl8g="
  "resolved" "https://registry.npmjs.org/ms/-/ms-2.0.0.tgz"
  "version" "2.0.0"

"once@^1.3.0":
  "integrity" "sha1-WDsap3WWHUsROsF9nFC6753Xa9E="
  "resolved" "https://registry.npmjs.org/once/-/once-1.4.0.tgz"
  "version" "1.4.0"
  dependencies:
    "wrappy" "1"

"once@^1.3.1", "once@^1.4.0":
  "integrity" "sha1-WDsap3WWHUsROsF9nFC6753Xa9E="
  "resolved" "https://registry.npmjs.org/once/-/once-1.4.0.tgz"
  "version" "1.4.0"
  dependencies:
    "wrappy" "1"

"path-is-absolute@^1.0.0":
  "integrity" "sha1-F0uSaHNVNP+8es5r9TpanhtcX18="
  "resolved" "https://registry.npmjs.org/path-is-absolute/-/path-is-absolute-1.0.1.tgz"
  "version" "1.0.1"

"pend@~1.2.0":
  "integrity" "sha1-elfrVQpng/kRUzH89GY9XI4AelA="
  "resolved" "https://registry.npmjs.org/pend/-/pend-1.2.0.tgz"
  "version" "1.2.0"

"process-nextick-args@~2.0.0":
  "integrity" "sha512-MtEC1TqN0EU5nephaJ4rAtThHtC86dNN9qCuEhtshvpVBkAW5ZO7BASN9REnF9eoXGcRub+pFuKEpOHE+HbEMw=="
  "resolved" "https://registry.npmjs.org/process-nextick-args/-/process-nextick-args-2.0.0.tgz"
  "version" "2.0.0"

"progress@^2.0.1":
  "integrity" "sha512-7PiHtLll5LdnKIMw100I+8xJXR5gW2QwWYkT6iJva0bXitZKa/XMrSbdmg3r2Xnaidz9Qumd0VPaMrZlF9V9sA=="
  "resolved" "https://registry.npmjs.org/progress/-/progress-2.0.3.tgz"
  "version" "2.0.3"

"proxy-from-env@^1.0.0":
  "integrity" "sha1-M8UDmPcOp+uW0h97gXYwpVeRx+4="
  "resolved" "https://registry.npmjs.org/proxy-from-env/-/proxy-from-env-1.0.0.tgz"
  "version" "1.0.0"

"pump@^3.0.0":
  "integrity" "sha512-LwZy+p3SFs1Pytd/jYct4wpv49HiYCqd9Rlc5ZVdk0V+8Yzv6jR5Blk3TRmPL1ft69TxP0IMZGJ+WPFU2BFhww=="
  "resolved" "https://registry.npmjs.org/pump/-/pump-3.0.0.tgz"
  "version" "3.0.0"
  dependencies:
    "end-of-stream" "^1.1.0"
    "once" "^1.3.1"

"puppeteer-core@2.1.1", "puppeteer-core@2.1.x":
  "integrity" "sha512-n13AWriBMPYxnpbb6bnaY5YoY6rGj8vPLrz6CZF3o0qJNEwlcfJVxBzYZ0NJsQ21UbdJoijPCDrM++SUVEz7+w=="
  "resolved" "https://registry.npmjs.org/puppeteer-core/-/puppeteer-core-2.1.1.tgz"
  "version" "2.1.1"
  dependencies:
    "@types/mime-types" "^2.1.0"
    "debug" "^4.1.0"
    "extract-zip" "^1.6.6"
    "https-proxy-agent" "^4.0.0"
    "mime" "^2.0.3"
    "mime-types" "^2.1.25"
    "progress" "^2.0.1"
    "proxy-from-env" "^1.0.0"
    "rimraf" "^2.6.1"
    "ws" "^6.1.0"

"readable-stream@^2.2.2":
  "integrity" "sha512-tQtKA9WIAhBF3+VLAseyMqZeBjW0AHJoxOtYqSUZNJxauErmLbVm2FW1y+J/YA9dUrAC39ITejlZWhVIwawkKw=="
  "resolved" "https://registry.npmjs.org/readable-stream/-/readable-stream-2.3.6.tgz"
  "version" "2.3.6"
  dependencies:
    "core-util-is" "~1.0.0"
    "inherits" "~2.0.3"
    "isarray" "~1.0.0"
    "process-nextick-args" "~2.0.0"
    "safe-buffer" "~5.1.1"
    "string_decoder" "~1.1.1"
    "util-deprecate" "~1.0.1"

"readable-stream@^3.0.1", "readable-stream@^3.1.1":
  "integrity" "sha512-jItXPLmrSR8jmTRmRWJXCnGJsfy85mB3Wd/uINMXA65yrnFo0cPClFIUWzo2najVNSl+mx7/4W8ttlLWJe99pQ=="
  "resolved" "https://registry.npmjs.org/readable-stream/-/readable-stream-3.4.0.tgz"
  "version" "3.4.0"
  dependencies:
    "inherits" "^2.0.3"
    "string_decoder" "^1.1.1"
    "util-deprecate" "^1.0.1"

"rimraf@^2.6.1":
  "integrity" "sha512-mwqeW5XsA2qAejG46gYdENaxXjx9onRNCfn7L0duuP4hCuTIi/QO7PDK07KJfp1d+izWPrzEJDcSqBa0OZQriA=="
  "resolved" "https://registry.npmjs.org/rimraf/-/rimraf-2.6.3.tgz"
  "version" "2.6.3"
  dependencies:
    "glob" "^7.1.3"

"safe-buffer@~5.1.0", "safe-buffer@~5.1.1":
  "integrity" "sha512-Gd2UZBJDkXlY7GbJxfsE8/nvKkUEU1G38c1siN6QP6a9PT9MmHB8GnpscSmMJSoF8LOIrt8ud/wPtojys4G6+g=="
  "resolved" "https://registry.npmjs.org/safe-buffer/-/safe-buffer-5.1.2.tgz"
  "version" "5.1.2"

"safe-buffer@~5.2.0":
  "integrity" "sha512-fZEwUGbVl7kouZs1jCdMLdt95hdIv0ZeHg6L7qPeciMZhZ+/gdesW4wgTARkrFWEpspjEATAzUGPG8N2jJiwbg=="
  "resolved" "https://registry.npmjs.org/safe-buffer/-/safe-buffer-5.2.0.tgz"
  "version" "5.2.0"

"string_decoder@^1.1.1":
  "integrity" "sha512-hkRX8U1WjJFd8LsDJ2yQ/wWWxaopEsABU1XfkM8A+j0+85JAGppt16cr1Whg6KIbb4okU6Mql6BOj+uup/wKeA=="
  "resolved" "https://registry.npmjs.org/string_decoder/-/string_decoder-1.3.0.tgz"
  "version" "1.3.0"
  dependencies:
    "safe-buffer" "~5.2.0"

"string_decoder@~1.1.1":
  "integrity" "sha512-n/ShnvDi6FHbbVfviro+WojiFzv+s8MPMHBczVePfUpDJLwoLT0ht1l4YwBCbi8pJAveEEdnkHyPyTP/mzRfwg=="
  "resolved" "https://registry.npmjs.org/string_decoder/-/string_decoder-1.1.1.tgz"
  "version" "1.1.1"
  dependencies:
    "safe-buffer" "~5.1.0"

"tar-fs@^2.0.0":
  "integrity" "sha512-vaY0obB6Om/fso8a8vakQBzwholQ7v5+uy+tF3Ozvxv1KNezmVQAiWtcNmMHFSFPqL3dJA8ha6gdtFbfX9mcxA=="
  "resolved" "https://registry.npmjs.org/tar-fs/-/tar-fs-2.0.0.tgz"
  "version" "2.0.0"
  dependencies:
    "chownr" "^1.1.1"
    "mkdirp" "^0.5.1"
    "pump" "^3.0.0"
    "tar-stream" "^2.0.0"

"tar-stream@^2.0.0":
  "integrity" "sha512-+DAn4Nb4+gz6WZigRzKEZl1QuJVOLtAwwF+WUxy1fJ6X63CaGaUAxJRD2KEn1OMfcbCjySTYpNC6WmfQoIEOdw=="
  "resolved" "https://registry.npmjs.org/tar-stream/-/tar-stream-2.1.0.tgz"
  "version" "2.1.0"
  dependencies:
    "bl" "^3.0.0"
    "end-of-stream" "^1.4.1"
    "fs-constants" "^1.0.0"
    "inherits" "^2.0.3"
    "readable-stream" "^3.1.1"

"twemoji-parser@12.1.3":
  "integrity" "sha512-ND4LZXF4X92/PFrzSgGkq6KPPg8swy/U0yRw1k/+izWRVmq1HYi3khPwV3XIB6FRudgVICAaBhJfW8e8G3HC7Q=="
  "resolved" "https://registry.npmjs.org/twemoji-parser/-/twemoji-parser-12.1.3.tgz"
  "version" "12.1.3"

"twemoji@12.1.5":
  "integrity" "sha512-B0PBVy5xomwb1M/WZxf/IqPZfnoIYy1skXnlHjMwLwTNfZ9ljh8VgWQktAPcJXu8080WoEh6YwQGPVhDVqvrVQ=="
  "resolved" "https://registry.npmjs.org/twemoji/-/twemoji-12.1.5.tgz"
  "version" "12.1.5"
  dependencies:
    "fs-extra" "^8.0.1"
    "jsonfile" "^5.0.0"
    "twemoji-parser" "12.1.3"
    "universalify" "^0.1.2"

"typedarray@^0.0.6":
  "integrity" "sha1-hnrHTjhkGHsdPUfZlqeOxciDB3c="
  "resolved" "https://registry.npmjs.org/typedarray/-/typedarray-0.0.6.tgz"
  "version" "0.0.6"

"typescript@3.8.3":
  "integrity" "sha512-MYlEfn5VrLNsgudQTVJeNaQFUAI7DkhnOjdpAp4T+ku1TfQClewlbSuTVHiA+8skNBgaf02TL/kLOvig4y3G8w=="
  "resolved" "https://registry.npmjs.org/typescript/-/typescript-3.8.3.tgz"
  "version" "3.8.3"

"universalify@^0.1.0", "universalify@^0.1.2":
  "integrity" "sha512-rBJeI5CXAlmy1pV+617WB9J63U6XcazHHF2f2dbJix4XzpUF0RS3Zbj0FGIOCAva5P/d/GBOYaACQ1w+0azUkg=="
  "resolved" "https://registry.npmjs.org/universalify/-/universalify-0.1.2.tgz"
  "version" "0.1.2"

"util-deprecate@^1.0.1":
  "integrity" "sha1-RQ1Nyfpw3nMnYvvS1KKJgUGaDM8="
  "resolved" "https://registry.npmjs.org/util-deprecate/-/util-deprecate-1.0.2.tgz"
  "version" "1.0.2"

"util-deprecate@~1.0.1":
  "integrity" "sha1-RQ1Nyfpw3nMnYvvS1KKJgUGaDM8="
  "resolved" "https://registry.npmjs.org/util-deprecate/-/util-deprecate-1.0.2.tgz"
  "version" "1.0.2"

"wrappy@1":
  "integrity" "sha1-tSQ9jz7BqjXxNkYFvA0QNuMKtp8="
  "resolved" "https://registry.npmjs.org/wrappy/-/wrappy-1.0.2.tgz"
  "version" "1.0.2"

"ws@^6.1.0":
  "integrity" "sha512-eqZfL+NE/YQc1/ZynhojeV8q+H050oR8AZ2uIev7RU10svA9ZnJUddHcOUZTJLinZ9yEfdA2kSATS2qZK5fhJA=="
  "resolved" "https://registry.npmjs.org/ws/-/ws-6.1.4.tgz"
  "version" "6.1.4"
  dependencies:
    "async-limiter" "~1.0.0"

"yarn@^1.22.18":
  "integrity" "sha512-oFffv6Jp2+BTUBItzx1Z0dpikTX+raRdqupfqzeMKnoh7WD6RuPAxcqDkMUy9vafJkrB0YaV708znpuMhEBKGQ=="
  "resolved" "https://registry.npmjs.org/yarn/-/yarn-1.22.18.tgz"
  "version" "1.22.18"

"yauzl@2.4.1":
  "integrity" "sha1-lSj0QtqxsihOWLQ3m7GU4i4MQAU="
  "resolved" "https://registry.npmjs.org/yauzl/-/yauzl-2.4.1.tgz"
  "version" "2.4.1"
  dependencies:
    "fd-slicer" "~1.0.1"
